
Microsoft Visual Studio Solution File, Format Version 12.00
# Visual Studio Version 17
VisualStudioVersion = 17.11.35327.3
MinimumVisualStudioVersion = 10.0.40219.1
Project("{FAE04EC0-301F-11D3-BF4B-00C04F79EFBC}") = "EmployeePortal", "EmployeePortal.csproj", "{7D2022D7-9678-4201-8FE1-D6330EDF0427}"
EndProject
Global
	GlobalSection(SolutionConfigurationPlatforms) = preSolution
		Debug|Any CPU = Debug|Any CPU
		Release|Any CPU = Release|Any CPU
	EndGlobalSection
	GlobalSection(ProjectConfigurationPlatforms) = postSolution
		{7D2022D7-9678-4201-8FE1-D6330EDF0427}.Debug|Any CPU.ActiveCfg = Debug|Any CPU
		{7D2022D7-9678-4201-8FE1-D6330EDF0427}.Debug|Any CPU.Build.0 = Debug|Any CPU
		{7D2022D7-9678-4201-8FE1-D6330EDF0427}.Release|Any CPU.ActiveCfg = Release|Any CPU
		{7D2022D7-9678-4201-8FE1-D6330EDF0427}.Release|Any CPU.Build.0 = Release|Any CPU
	EndGlobalSection
	GlobalSection(SolutionProperties) = preSolution
		HideSolutionNode = FALSE
	EndGlobalSection
	GlobalSection(ExtensibilityGlobals) = postSolution
		SolutionGuid = {07C9E10D-3458-4012-A0E3-7A90CC1DD691}
	EndGlobalSection
EndGlobal
